// !$*UTF8*$!
{
	archiveVersion = 1;
	classes = {
	};
	objectVersion = 46;
	objects = {

/* Begin PBXBuildFile section */
		B6BCEC561BAEA6C100D28471 /* AppDelegate.swift in Sources */ = {isa = PBXBuildFile; fileRef = B6BCEC551BAEA6C100D28471 /* AppDelegate.swift */; };
		B6BCEC581BAEA6C100D28471 /* ViewController.swift in Sources */ = {isa = PBXBuildFile; fileRef = B6BCEC571BAEA6C100D28471 /* ViewController.swift */; };
		B6BCEC5B1BAEA6C100D28471 /* Main.storyboard in Resources */ = {isa = PBXBuildFile; fileRef = B6BCEC591BAEA6C100D28471 /* Main.storyboard */; };
		B6BCEC5E1BAEA6C100D28471 /* LunchApp.xcdatamodeld in Sources */ = {isa = PBXBuildFile; fileRef = B6BCEC5C1BAEA6C100D28471 /* LunchApp.xcdatamodeld */; };
		B6BCEC601BAEA6C100D28471 /* Assets.xcassets in Resources */ = {isa = PBXBuildFile; fileRef = B6BCEC5F1BAEA6C100D28471 /* Assets.xcassets */; };
		B6BCEC631BAEA6C100D28471 /* LaunchScreen.storyboard in Resources */ = {isa = PBXBuildFile; fileRef = B6BCEC611BAEA6C100D28471 /* LaunchScreen.storyboard */; };
		B6BCEC6E1BAEA6C200D28471 /* LunchAppTests.swift in Sources */ = {isa = PBXBuildFile; fileRef = B6BCEC6D1BAEA6C200D28471 /* LunchAppTests.swift */; };
		B6BCEC791BAEA6C200D28471 /* LunchAppUITests.swift in Sources */ = {isa = PBXBuildFile; fileRef = B6BCEC781BAEA6C200D28471 /* LunchAppUITests.swift */; };
		B6BCEC881BAEA75C00D28471 /* Bolts.framework in Frameworks */ = {isa = PBXBuildFile; fileRef = B6BCEC861BAEA75C00D28471 /* Bolts.framework */; settings = {ASSET_TAGS = (); }; };
		B6BCEC891BAEA75C00D28471 /* Parse.framework in Frameworks */ = {isa = PBXBuildFile; fileRef = B6BCEC871BAEA75C00D28471 /* Parse.framework */; settings = {ASSET_TAGS = (); }; };
		B6BCEC8B1BAEA78400D28471 /* AudioToolbox.framework in Frameworks */ = {isa = PBXBuildFile; fileRef = B6BCEC8A1BAEA78400D28471 /* AudioToolbox.framework */; };
		B6BCEC8D1BAEA78C00D28471 /* CFNetwork.framework in Frameworks */ = {isa = PBXBuildFile; fileRef = B6BCEC8C1BAEA78C00D28471 /* CFNetwork.framework */; };
		B6BCEC8F1BAEA79300D28471 /* CoreGraphics.framework in Frameworks */ = {isa = PBXBuildFile; fileRef = B6BCEC8E1BAEA79300D28471 /* CoreGraphics.framework */; };
		B6BCEC911BAEA79A00D28471 /* CoreLocation.framework in Frameworks */ = {isa = PBXBuildFile; fileRef = B6BCEC901BAEA79A00D28471 /* CoreLocation.framework */; };
		B6BCEC931BAEA7A100D28471 /* QuartzCore.framework in Frameworks */ = {isa = PBXBuildFile; fileRef = B6BCEC921BAEA7A100D28471 /* QuartzCore.framework */; };
		B6BCEC951BAEA7A800D28471 /* Security.framework in Frameworks */ = {isa = PBXBuildFile; fileRef = B6BCEC941BAEA7A800D28471 /* Security.framework */; };
		B6BCEC971BAEA7AF00D28471 /* StoreKit.framework in Frameworks */ = {isa = PBXBuildFile; fileRef = B6BCEC961BAEA7AF00D28471 /* StoreKit.framework */; };
		B6BCEC991BAEA7B500D28471 /* SystemConfiguration.framework in Frameworks */ = {isa = PBXBuildFile; fileRef = B6BCEC981BAEA7B500D28471 /* SystemConfiguration.framework */; };
		B6BCEC9D1BAEA83A00D28471 /* libz.tbd in Frameworks */ = {isa = PBXBuildFile; fileRef = B6BCEC9C1BAEA83A00D28471 /* libz.tbd */; };
		B6BCEC9F1BAEA84F00D28471 /* libsqlite3.tbd in Frameworks */ = {isa = PBXBuildFile; fileRef = B6BCEC9E1BAEA84F00D28471 /* libsqlite3.tbd */; };
/* End PBXBuildFile section */

/* Begin PBXContainerItemProxy section */
		B6BCEC6A1BAEA6C200D28471 /* PBXContainerItemProxy */ = {
			isa = PBXContainerItemProxy;
			containerPortal = B6BCEC4A1BAEA6C100D28471 /* Project object */;
			proxyType = 1;
			remoteGlobalIDString = B6BCEC511BAEA6C100D28471;
			remoteInfo = LunchApp;
		};
		B6BCEC751BAEA6C200D28471 /* PBXContainerItemProxy */ = {
			isa = PBXContainerItemProxy;
			containerPortal = B6BCEC4A1BAEA6C100D28471 /* Project object */;
			proxyType = 1;
			remoteGlobalIDString = B6BCEC511BAEA6C100D28471;
			remoteInfo = LunchApp;
		};
/* End PBXContainerItemProxy section */

/* Begin PBXFileReference section */
		B6BCEC521BAEA6C100D28471 /* LunchApp.app */ = {isa = PBXFileReference; explicitFileType = wrapper.application; includeInIndex = 0; path = LunchApp.app; sourceTree = BUILT_PRODUCTS_DIR; };
		B6BCEC551BAEA6C100D28471 /* AppDelegate.swift */ = {isa = PBXFileReference; lastKnownFileType = sourcecode.swift; path = AppDelegate.swift; sourceTree = "<group>"; };
		B6BCEC571BAEA6C100D28471 /* ViewController.swift */ = {isa = PBXFileReference; lastKnownFileType = sourcecode.swift; path = ViewController.swift; sourceTree = "<group>"; };
		B6BCEC5A1BAEA6C100D28471 /* Base */ = {isa = PBXFileReference; lastKnownFileType = file.storyboard; name = Base; path = Base.lproj/Main.storyboard; sourceTree = "<group>"; };
		B6BCEC5D1BAEA6C100D28471 /* LunchApp.xcdatamodel */ = {isa = PBXFileReference; lastKnownFileType = wrapper.xcdatamodel; path = LunchApp.xcdatamodel; sourceTree = "<group>"; };
		B6BCEC5F1BAEA6C100D28471 /* Assets.xcassets */ = {isa = PBXFileReference; lastKnownFileType = folder.assetcatalog; path = Assets.xcassets; sourceTree = "<group>"; };
		B6BCEC621BAEA6C100D28471 /* Base */ = {isa = PBXFileReference; lastKnownFileType = file.storyboard; name = Base; path = Base.lproj/LaunchScreen.storyboard; sourceTree = "<group>"; };
		B6BCEC641BAEA6C100D28471 /* Info.plist */ = {isa = PBXFileReference; lastKnownFileType = text.plist.xml; path = Info.plist; sourceTree = "<group>"; };
		B6BCEC691BAEA6C200D28471 /* LunchAppTests.xctest */ = {isa = PBXFileReference; explicitFileType = wrapper.cfbundle; includeInIndex = 0; path = LunchAppTests.xctest; sourceTree = BUILT_PRODUCTS_DIR; };
		B6BCEC6D1BAEA6C200D28471 /* LunchAppTests.swift */ = {isa = PBXFileReference; lastKnownFileType = sourcecode.swift; path = LunchAppTests.swift; sourceTree = "<group>"; };
		B6BCEC6F1BAEA6C200D28471 /* Info.plist */ = {isa = PBXFileReference; lastKnownFileType = text.plist.xml; path = Info.plist; sourceTree = "<group>"; };
		B6BCEC741BAEA6C200D28471 /* LunchAppUITests.xctest */ = {isa = PBXFileReference; explicitFileType = wrapper.cfbundle; includeInIndex = 0; path = LunchAppUITests.xctest; sourceTree = BUILT_PRODUCTS_DIR; };
		B6BCEC781BAEA6C200D28471 /* LunchAppUITests.swift */ = {isa = PBXFileReference; lastKnownFileType = sourcecode.swift; path = LunchAppUITests.swift; sourceTree = "<group>"; };
		B6BCEC7A1BAEA6C200D28471 /* Info.plist */ = {isa = PBXFileReference; lastKnownFileType = text.plist.xml; path = Info.plist; sourceTree = "<group>"; };
		B6BCEC861BAEA75C00D28471 /* Bolts.framework */ = {isa = PBXFileReference; lastKnownFileType = wrapper.framework; name = Bolts.framework; path = LunchApp/Bolts.framework; sourceTree = "<group>"; };
		B6BCEC871BAEA75C00D28471 /* Parse.framework */ = {isa = PBXFileReference; lastKnownFileType = wrapper.framework; name = Parse.framework; path = LunchApp/Parse.framework; sourceTree = "<group>"; };
		B6BCEC8A1BAEA78400D28471 /* AudioToolbox.framework */ = {isa = PBXFileReference; lastKnownFileType = wrapper.framework; name = AudioToolbox.framework; path = System/Library/Frameworks/AudioToolbox.framework; sourceTree = SDKROOT; };
		B6BCEC8C1BAEA78C00D28471 /* CFNetwork.framework */ = {isa = PBXFileReference; lastKnownFileType = wrapper.framework; name = CFNetwork.framework; path = System/Library/Frameworks/CFNetwork.framework; sourceTree = SDKROOT; };
		B6BCEC8E1BAEA79300D28471 /* CoreGraphics.framework */ = {isa = PBXFileReference; lastKnownFileType = wrapper.framework; name = CoreGraphics.framework; path = System/Library/Frameworks/CoreGraphics.framework; sourceTree = SDKROOT; };
		B6BCEC901BAEA79A00D28471 /* CoreLocation.framework */ = {isa = PBXFileReference; lastKnownFileType = wrapper.framework; name = CoreLocation.framework; path = System/Library/Frameworks/CoreLocation.framework; sourceTree = SDKROOT; };
		B6BCEC921BAEA7A100D28471 /* QuartzCore.framework */ = {isa = PBXFileReference; lastKnownFileType = wrapper.framework; name = QuartzCore.framework; path = System/Library/Frameworks/QuartzCore.framework; sourceTree = SDKROOT; };
		B6BCEC941BAEA7A800D28471 /* Security.framework */ = {isa = PBXFileReference; lastKnownFileType = wrapper.framework; name = Security.framework; path = System/Library/Frameworks/Security.framework; sourceTree = SDKROOT; };
		B6BCEC961BAEA7AF00D28471 /* StoreKit.framework */ = {isa = PBXFileReference; lastKnownFileType = wrapper.framework; name = StoreKit.framework; path = System/Library/Frameworks/StoreKit.framework; sourceTree = SDKROOT; };
		B6BCEC981BAEA7B500D28471 /* SystemConfiguration.framework */ = {isa = PBXFileReference; lastKnownFileType = wrapper.framework; name = SystemConfiguration.framework; path = System/Library/Frameworks/SystemConfiguration.framework; sourceTree = SDKROOT; };
		B6BCEC9C1BAEA83A00D28471 /* libz.tbd */ = {isa = PBXFileReference; lastKnownFileType = "sourcecode.text-based-dylib-definition"; name = libz.tbd; path = usr/lib/libz.tbd; sourceTree = SDKROOT; };
		B6BCEC9E1BAEA84F00D28471 /* libsqlite3.tbd */ = {isa = PBXFileReference; lastKnownFileType = "sourcecode.text-based-dylib-definition"; name = libsqlite3.tbd; path = usr/lib/libsqlite3.tbd; sourceTree = SDKROOT; };
/* End PBXFileReference section */

/* Begin PBXFrameworksBuildPhase section */
		B6BCEC4F1BAEA6C100D28471 /* Frameworks */ = {
			isa = PBXFrameworksBuildPhase;
			buildActionMask = 2147483647;
			files = (
				B6BCEC9F1BAEA84F00D28471 /* libsqlite3.tbd in Frameworks */,
				B6BCEC9D1BAEA83A00D28471 /* libz.tbd in Frameworks */,
				B6BCEC991BAEA7B500D28471 /* SystemConfiguration.framework in Frameworks */,
				B6BCEC971BAEA7AF00D28471 /* StoreKit.framework in Frameworks */,
				B6BCEC951BAEA7A800D28471 /* Security.framework in Frameworks */,
				B6BCEC931BAEA7A100D28471 /* QuartzCore.framework in Frameworks */,
				B6BCEC911BAEA79A00D28471 /* CoreLocation.framework in Frameworks */,
				B6BCEC8F1BAEA79300D28471 /* CoreGraphics.framework in Frameworks */,
				B6BCEC8D1BAEA78C00D28471 /* CFNetwork.framework in Frameworks */,
				B6BCEC8B1BAEA78400D28471 /* AudioToolbox.framework in Frameworks */,
				B6BCEC891BAEA75C00D28471 /* Parse.framework in Frameworks */,
				B6BCEC881BAEA75C00D28471 /* Bolts.framework in Frameworks */,
			);
			runOnlyForDeploymentPostprocessing = 0;
		};
		B6BCEC661BAEA6C200D28471 /* Frameworks */ = {
			isa = PBXFrameworksBuildPhase;
			buildActionMask = 2147483647;
			files = (
			);
			runOnlyForDeploymentPostprocessing = 0;
		};
		B6BCEC711BAEA6C200D28471 /* Frameworks */ = {
			isa = PBXFrameworksBuildPhase;
			buildActionMask = 2147483647;
			files = (
			);
			runOnlyForDeploymentPostprocessing = 0;
		};
/* End PBXFrameworksBuildPhase section */

/* Begin PBXGroup section */
		B6BCEC491BAEA6C100D28471 = {
			isa = PBXGroup;
			children = (
				B6BCECA01BAEA8A000D28471 /* Frameworks */,
				B6BCEC541BAEA6C100D28471 /* LunchApp */,
				B6BCEC6C1BAEA6C200D28471 /* LunchAppTests */,
				B6BCEC771BAEA6C200D28471 /* LunchAppUITests */,
				B6BCEC531BAEA6C100D28471 /* Products */,
			);
			sourceTree = "<group>";
		};
		B6BCEC531BAEA6C100D28471 /* Products */ = {
			isa = PBXGroup;
			children = (
				B6BCEC521BAEA6C100D28471 /* LunchApp.app */,
				B6BCEC691BAEA6C200D28471 /* LunchAppTests.xctest */,
				B6BCEC741BAEA6C200D28471 /* LunchAppUITests.xctest */,
			);
			name = Products;
			sourceTree = "<group>";
		};
		B6BCEC541BAEA6C100D28471 /* LunchApp */ = {
			isa = PBXGroup;
			children = (
				B6BCEC551BAEA6C100D28471 /* AppDelegate.swift */,
				B6BCEC571BAEA6C100D28471 /* ViewController.swift */,
				B6BCEC591BAEA6C100D28471 /* Main.storyboard */,
				B6BCEC5F1BAEA6C100D28471 /* Assets.xcassets */,
				B6BCEC611BAEA6C100D28471 /* LaunchScreen.storyboard */,
				B6BCEC641BAEA6C100D28471 /* Info.plist */,
				B6BCEC5C1BAEA6C100D28471 /* LunchApp.xcdatamodeld */,
			);
			path = LunchApp;
			sourceTree = "<group>";
		};
		B6BCEC6C1BAEA6C200D28471 /* LunchAppTests */ = {
			isa = PBXGroup;
			children = (
				B6BCEC6D1BAEA6C200D28471 /* LunchAppTests.swift */,
				B6BCEC6F1BAEA6C200D28471 /* Info.plist */,
			);
			path = LunchAppTests;
			sourceTree = "<group>";
		};
		B6BCEC771BAEA6C200D28471 /* LunchAppUITests */ = {
			isa = PBXGroup;
			children = (
				B6BCEC781BAEA6C200D28471 /* LunchAppUITests.swift */,
				B6BCEC7A1BAEA6C200D28471 /* Info.plist */,
			);
			path = LunchAppUITests;
			sourceTree = "<group>";
		};
		B6BCECA01BAEA8A000D28471 /* Frameworks */ = {
			isa = PBXGroup;
			children = (
				B6BCEC9E1BAEA84F00D28471 /* libsqlite3.tbd */,
				B6BCEC9C1BAEA83A00D28471 /* libz.tbd */,
				B6BCEC861BAEA75C00D28471 /* Bolts.framework */,
				B6BCEC871BAEA75C00D28471 /* Parse.framework */,
				B6BCEC981BAEA7B500D28471 /* SystemConfiguration.framework */,
				B6BCEC961BAEA7AF00D28471 /* StoreKit.framework */,
				B6BCEC941BAEA7A800D28471 /* Security.framework */,
				B6BCEC921BAEA7A100D28471 /* QuartzCore.framework */,
				B6BCEC901BAEA79A00D28471 /* CoreLocation.framework */,
				B6BCEC8E1BAEA79300D28471 /* CoreGraphics.framework */,
				B6BCEC8C1BAEA78C00D28471 /* CFNetwork.framework */,
				B6BCEC8A1BAEA78400D28471 /* AudioToolbox.framework */,
			);
			name = Frameworks;
			sourceTree = "<group>";
		};
/* End PBXGroup section */

/* Begin PBXNativeTarget section */
		B6BCEC511BAEA6C100D28471 /* LunchApp */ = {
			isa = PBXNativeTarget;
			buildConfigurationList = B6BCEC7D1BAEA6C200D28471 /* Build configuration list for PBXNativeTarget "LunchApp" */;
			buildPhases = (
				B6BCEC4E1BAEA6C100D28471 /* Sources */,
				B6BCEC4F1BAEA6C100D28471 /* Frameworks */,
				B6BCEC501BAEA6C100D28471 /* Resources */,
			);
			buildRules = (
			);
			dependencies = (
			);
			name = LunchApp;
			productName = LunchApp;
			productReference = B6BCEC521BAEA6C100D28471 /* LunchApp.app */;
			productType = "com.apple.product-type.application";
		};
		B6BCEC681BAEA6C200D28471 /* LunchAppTests */ = {
			isa = PBXNativeTarget;
			buildConfigurationList = B6BCEC801BAEA6C200D28471 /* Build configuration list for PBXNativeTarget "LunchAppTests" */;
			buildPhases = (
				B6BCEC651BAEA6C200D28471 /* Sources */,
				B6BCEC661BAEA6C200D28471 /* Frameworks */,
				B6BCEC671BAEA6C200D28471 /* Resources */,
			);
			buildRules = (
			);
			dependencies = (
				B6BCEC6B1BAEA6C200D28471 /* PBXTargetDependency */,
			);
			name = LunchAppTests;
			productName = LunchAppTests;
			productReference = B6BCEC691BAEA6C200D28471 /* LunchAppTests.xctest */;
			productType = "com.apple.product-type.bundle.unit-test";
		};
		B6BCEC731BAEA6C200D28471 /* LunchAppUITests */ = {
			isa = PBXNativeTarget;
			buildConfigurationList = B6BCEC831BAEA6C200D28471 /* Build configuration list for PBXNativeTarget "LunchAppUITests" */;
			buildPhases = (
				B6BCEC701BAEA6C200D28471 /* Sources */,
				B6BCEC711BAEA6C200D28471 /* Frameworks */,
				B6BCEC721BAEA6C200D28471 /* Resources */,
			);
			buildRules = (
			);
			dependencies = (
				B6BCEC761BAEA6C200D28471 /* PBXTargetDependency */,
			);
			name = LunchAppUITests;
			productName = LunchAppUITests;
			productReference = B6BCEC741BAEA6C200D28471 /* LunchAppUITests.xctest */;
			productType = "com.apple.product-type.bundle.ui-testing";
		};
/* End PBXNativeTarget section */

/* Begin PBXProject section */
		B6BCEC4A1BAEA6C100D28471 /* Project object */ = {
			isa = PBXProject;
			attributes = {
				LastUpgradeCheck = 0700;
				ORGANIZATIONNAME = "Mikkel Dengsøe";
				TargetAttributes = {
					B6BCEC511BAEA6C100D28471 = {
						CreatedOnToolsVersion = 7.0;
					};
					B6BCEC681BAEA6C200D28471 = {
						CreatedOnToolsVersion = 7.0;
						TestTargetID = B6BCEC511BAEA6C100D28471;
					};
					B6BCEC731BAEA6C200D28471 = {
						CreatedOnToolsVersion = 7.0;
						TestTargetID = B6BCEC511BAEA6C100D28471;
					};
				};
			};
			buildConfigurationList = B6BCEC4D1BAEA6C100D28471 /* Build configuration list for PBXProject "LunchApp" */;
			compatibilityVersion = "Xcode 3.2";
			developmentRegion = English;
			hasScannedForEncodings = 0;
			knownRegions = (
				en,
				Base,
			);
			mainGroup = B6BCEC491BAEA6C100D28471;
			productRefGroup = B6BCEC531BAEA6C100D28471 /* Products */;
			projectDirPath = "";
			projectRoot = "";
			targets = (
				B6BCEC511BAEA6C100D28471 /* LunchApp */,
				B6BCEC681BAEA6C200D28471 /* LunchAppTests */,
				B6BCEC731BAEA6C200D28471 /* LunchAppUITests */,
			);
		};
/* End PBXProject section */

/* Begin PBXResourcesBuildPhase section */
		B6BCEC501BAEA6C100D28471 /* Resources */ = {
			isa = PBXResourcesBuildPhase;
			buildActionMask = 2147483647;
			files = (
				B6BCEC631BAEA6C100D28471 /* LaunchScreen.storyboard in Resources */,
				B6BCEC601BAEA6C100D28471 /* Assets.xcassets in Resources */,
				B6BCEC5B1BAEA6C100D28471 /* Main.storyboard in Resources */,
			);
			runOnlyForDeploymentPostprocessing = 0;
		};
		B6BCEC671BAEA6C200D28471 /* Resources */ = {
			isa = PBXResourcesBuildPhase;
			buildActionMask = 2147483647;
			files = (
			);
			runOnlyForDeploymentPostprocessing = 0;
		};
		B6BCEC721BAEA6C200D28471 /* Resources */ = {
			isa = PBXResourcesBuildPhase;
			buildActionMask = 2147483647;
			files = (
			);
			runOnlyForDeploymentPostprocessing = 0;
		};
/* End PBXResourcesBuildPhase section */

/* Begin PBXSourcesBuildPhase section */
		B6BCEC4E1BAEA6C100D28471 /* Sources */ = {
			isa = PBXSourcesBuildPhase;
			buildActionMask = 2147483647;
			files = (
				B6BCEC581BAEA6C100D28471 /* ViewController.swift in Sources */,
				B6BCEC561BAEA6C100D28471 /* AppDelegate.swift in Sources */,
				B6BCEC5E1BAEA6C100D28471 /* LunchApp.xcdatamodeld in Sources */,
			);
			runOnlyForDeploymentPostprocessing = 0;
		};
		B6BCEC651BAEA6C200D28471 /* Sources */ = {
			isa = PBXSourcesBuildPhase;
			buildActionMask = 2147483647;
			files = (
				B6BCEC6E1BAEA6C200D28471 /* LunchAppTests.swift in Sources */,
			);
			runOnlyForDeploymentPostprocessing = 0;
		};
		B6BCEC701BAEA6C200D28471 /* Sources */ = {
			isa = PBXSourcesBuildPhase;
			buildActionMask = 2147483647;
			files = (
				B6BCEC791BAEA6C200D28471 /* LunchAppUITests.swift in Sources */,
			);
			runOnlyForDeploymentPostprocessing = 0;
		};
/* End PBXSourcesBuildPhase section */

/* Begin PBXTargetDependency section */
		B6BCEC6B1BAEA6C200D28471 /* PBXTargetDependency */ = {
			isa = PBXTargetDependency;
			target = B6BCEC511BAEA6C100D28471 /* LunchApp */;
			targetProxy = B6BCEC6A1BAEA6C200D28471 /* PBXContainerItemProxy */;
		};
		B6BCEC761BAEA6C200D28471 /* PBXTargetDependency */ = {
			isa = PBXTargetDependency;
			target = B6BCEC511BAEA6C100D28471 /* LunchApp */;
			targetProxy = B6BCEC751BAEA6C200D28471 /* PBXContainerItemProxy */;
		};
/* End PBXTargetDependency section */

/* Begin PBXVariantGroup section */
		B6BCEC591BAEA6C100D28471 /* Main.storyboard */ = {
			isa = PBXVariantGroup;
			children = (
				B6BCEC5A1BAEA6C100D28471 /* Base */,
			);
			name = Main.storyboard;
			sourceTree = "<group>";
		};
		B6BCEC611BAEA6C100D28471 /* LaunchScreen.storyboard */ = {
			isa = PBXVariantGroup;
			children = (
				B6BCEC621BAEA6C100D28471 /* Base */,
			);
			name = LaunchScreen.storyboard;
			sourceTree = "<group>";
		};
/* End PBXVariantGroup section */

/* Begin XCBuildConfiguration section */
		B6BCEC7B1BAEA6C200D28471 /* Debug */ = {
			isa = XCBuildConfiguration;
			buildSettings = {
				ALWAYS_SEARCH_USER_PATHS = NO;
				CLANG_CXX_LANGUAGE_STANDARD = "gnu++0x";
				CLANG_CXX_LIBRARY = "libc++";
				CLANG_ENABLE_MODULES = YES;
				CLANG_ENABLE_OBJC_ARC = YES;
				CLANG_WARN_BOOL_CONVERSION = YES;
				CLANG_WARN_CONSTANT_CONVERSION = YES;
				CLANG_WARN_DIRECT_OBJC_ISA_USAGE = YES_ERROR;
				CLANG_WARN_EMPTY_BODY = YES;
				CLANG_WARN_ENUM_CONVERSION = YES;
				CLANG_WARN_INT_CONVERSION = YES;
				CLANG_WARN_OBJC_ROOT_CLASS = YES_ERROR;
				CLANG_WARN_UNREACHABLE_CODE = YES;
				CLANG_WARN__DUPLICATE_METHOD_MATCH = YES;
				"CODE_SIGN_IDENTITY[sdk=iphoneos*]" = "iPhone Developer";
				COPY_PHASE_STRIP = NO;
				DEBUG_INFORMATION_FORMAT = dwarf;
				ENABLE_STRICT_OBJC_MSGSEND = YES;
				ENABLE_TESTABILITY = YES;
				GCC_C_LANGUAGE_STANDARD = gnu99;
				GCC_DYNAMIC_NO_PIC = NO;
				GCC_NO_COMMON_BLOCKS = YES;
				GCC_OPTIMIZATION_LEVEL = 0;
				GCC_PREPROCESSOR_DEFINITIONS = (
					"DEBUG=1",
					"$(inherited)",
				);
				GCC_WARN_64_TO_32_BIT_CONVERSION = YES;
				GCC_WARN_ABOUT_RETURN_TYPE = YES_ERROR;
				GCC_WARN_UNDECLARED_SELECTOR = YES;
				GCC_WARN_UNINITIALIZED_AUTOS = YES_AGGRESSIVE;
				GCC_WARN_UNUSED_FUNCTION = YES;
				GCC_WARN_UNUSED_VARIABLE = YES;
				IPHONEOS_DEPLOYMENT_TARGET = 9.0;
				MTL_ENABLE_DEBUG_INFO = YES;
				ONLY_ACTIVE_ARCH = YES;
				SDKROOT = iphoneos;
				SWIFT_OPTIMIZATION_LEVEL = "-Onone";
				TARGETED_DEVICE_FAMILY = "1,2";
			};
			name = Debug;
		};
		B6BCEC7C1BAEA6C200D28471 /* Release */ = {
			isa = XCBuildConfiguration;
			buildSettings = {
				ALWAYS_SEARCH_USER_PATHS = NO;
				CLANG_CXX_LANGUAGE_STANDARD = "gnu++0x";
				CLANG_CXX_LIBRARY = "libc++";
				CLANG_ENABLE_MODULES = YES;
				CLANG_ENABLE_OBJC_ARC = YES;
				CLANG_WARN_BOOL_CONVERSION = YES;
				CLANG_WARN_CONSTANT_CONVERSION = YES;
				CLANG_WARN_DIRECT_OBJC_ISA_USAGE = YES_ERROR;
				CLANG_WARN_EMPTY_BODY = YES;
				CLANG_WARN_ENUM_CONVERSION = YES;
				CLANG_WARN_INT_CONVERSION = YES;
				CLANG_WARN_OBJC_ROOT_CLASS = YES_ERROR;
				CLANG_WARN_UNREACHABLE_CODE = YES;
				CLANG_WARN__DUPLICATE_METHOD_MATCH = YES;
				"CODE_SIGN_IDENTITY[sdk=iphoneos*]" = "iPhone Developer";
				COPY_PHASE_STRIP = NO;
				DEBUG_INFORMATION_FORMAT = "dwarf-with-dsym";
				ENABLE_NS_ASSERTIONS = NO;
				ENABLE_STRICT_OBJC_MSGSEND = YES;
				GCC_C_LANGUAGE_STANDARD = gnu99;
				GCC_NO_COMMON_BLOCKS = YES;
				GCC_WARN_64_TO_32_BIT_CONVERSION = YES;
				GCC_WARN_ABOUT_RETURN_TYPE = YES_ERROR;
				GCC_WARN_UNDECLARED_SELECTOR = YES;
				GCC_WARN_UNINITIALIZED_AUTOS = YES_AGGRESSIVE;
				GCC_WARN_UNUSED_FUNCTION = YES;
				GCC_WARN_UNUSED_VARIABLE = YES;
				IPHONEOS_DEPLOYMENT_TARGET = 9.0;
				MTL_ENABLE_DEBUG_INFO = NO;
				SDKROOT = iphoneos;
				TARGETED_DEVICE_FAMILY = "1,2";
				VALIDATE_PRODUCT = YES;
			};
			name = Release;
		};
		B6BCEC7E1BAEA6C200D28471 /* Debug */ = {
			isa = XCBuildConfiguration;
			buildSettings = {
				ASSETCATALOG_COMPILER_APPICON_NAME = AppIcon;
				FRAMEWORK_SEARCH_PATHS = (
					"$(inherited)",
					"$(PROJECT_DIR)/LunchApp",
				);
				INFOPLIST_FILE = LunchApp/Info.plist;
				LD_RUNPATH_SEARCH_PATHS = "$(inherited) @executable_path/Frameworks";
				PRODUCT_BUNDLE_IDENTIFIER = mikkel.LunchApp;
				PRODUCT_NAME = "$(TARGET_NAME)";
			};
			name = Debug;
		};
		B6BCEC7F1BAEA6C200D28471 /* Release */ = {
			isa = XCBuildConfiguration;
			buildSettings = {
				ASSETCATALOG_COMPILER_APPICON_NAME = AppIcon;
				FRAMEWORK_SEARCH_PATHS = (
					"$(inherited)",
					"$(PROJECT_DIR)/LunchApp",
				);
				INFOPLIST_FILE = LunchApp/Info.plist;
				LD_RUNPATH_SEARCH_PATHS = "$(inherited) @executable_path/Frameworks";
				PRODUCT_BUNDLE_IDENTIFIER = mikkel.LunchApp;
				PRODUCT_NAME = "$(TARGET_NAME)";
			};
			name = Release;
		};
		B6BCEC811BAEA6C200D28471 /* Debug */ = {
			isa = XCBuildConfiguration;
			buildSettings = {
				BUNDLE_LOADER = "$(TEST_HOST)";
				INFOPLIST_FILE = LunchAppTests/Info.plist;
				LD_RUNPATH_SEARCH_PATHS = "$(inherited) @executable_path/Frameworks @loader_path/Frameworks";
				PRODUCT_BUNDLE_IDENTIFIER = mikkel.LunchAppTests;
				PRODUCT_NAME = "$(TARGET_NAME)";
				TEST_HOST = "$(BUILT_PRODUCTS_DIR)/LunchApp.app/LunchApp";
			};
			name = Debug;
		};
		B6BCEC821BAEA6C200D28471 /* Release */ = {
			isa = XCBuildConfiguration;
			buildSettings = {
				BUNDLE_LOADER = "$(TEST_HOST)";
				INFOPLIST_FILE = LunchAppTests/Info.plist;
				LD_RUNPATH_SEARCH_PATHS = "$(inherited) @executable_path/Frameworks @loader_path/Frameworks";
				PRODUCT_BUNDLE_IDENTIFIER = mikkel.LunchAppTests;
				PRODUCT_NAME = "$(TARGET_NAME)";
				TEST_HOST = "$(BUILT_PRODUCTS_DIR)/LunchApp.app/LunchApp";
			};
			name = Release;
		};
		B6BCEC841BAEA6C200D28471 /* Debug */ = {
			isa = XCBuildConfiguration;
			buildSettings = {
				INFOPLIST_FILE = LunchAppUITests/Info.plist;
				LD_RUNPATH_SEARCH_PATHS = "$(inherited) @executable_path/Frameworks @loader_path/Frameworks";
				PRODUCT_BUNDLE_IDENTIFIER = mikkel.LunchAppUITests;
				PRODUCT_NAME = "$(TARGET_NAME)";
				TEST_TARGET_NAME = LunchApp;
				USES_XCTRUNNER = YES;
			};
			name = Debug;
		};
		B6BCEC851BAEA6C200D28471 /* Release */ = {
			isa = XCBuildConfiguration;
			buildSettings = {
				INFOPLIST_FILE = LunchAppUITests/Info.plist;
				LD_RUNPATH_SEARCH_PATHS = "$(inherited) @executable_path/Frameworks @loader_path/Frameworks";
				PRODUCT_BUNDLE_IDENTIFIER = mikkel.LunchAppUITests;
				PRODUCT_NAME = "$(TARGET_NAME)";
				TEST_TARGET_NAME = LunchApp;
				USES_XCTRUNNER = YES;
			};
			name = Release;
		};
/* End XCBuildConfiguration section */

/* Begin XCConfigurationList section */
		B6BCEC4D1BAEA6C100D28471 /* Build configuration list for PBXProject "LunchApp" */ = {
			isa = XCConfigurationList;
			buildConfigurations = (
				B6BCEC7B1BAEA6C200D28471 /* Debug */,
				B6BCEC7C1BAEA6C200D28471 /* Release */,
			);
			defaultConfigurationIsVisible = 0;
			defaultConfigurationName = Release;
		};
		B6BCEC7D1BAEA6C200D28471 /* Build configuration list for PBXNativeTarget "LunchApp" */ = {
			isa = XCConfigurationList;
			buildConfigurations = (
				B6BCEC7E1BAEA6C200D28471 /* Debug */,
				B6BCEC7F1BAEA6C200D28471 /* Release */,
			);
			defaultConfigurationIsVisible = 0;
		};
		B6BCEC801BAEA6C200D28471 /* Build configuration list for PBXNativeTarget "LunchAppTests" */ = {
			isa = XCConfigurationList;
			buildConfigurations = (
				B6BCEC811BAEA6C200D28471 /* Debug */,
				B6BCEC821BAEA6C200D28471 /* Release */,
			);
			defaultConfigurationIsVisible = 0;
		};
		B6BCEC831BAEA6C200D28471 /* Build configuration list for PBXNativeTarget "LunchAppUITests" */ = {
			isa = XCConfigurationList;
			buildConfigurations = (
				B6BCEC841BAEA6C200D28471 /* Debug */,
				B6BCEC851BAEA6C200D28471 /* Release */,
			);
			defaultConfigurationIsVisible = 0;
		};
/* End XCConfigurationList section */

/* Begin XCVersionGroup section */
		B6BCEC5C1BAEA6C100D28471 /* LunchApp.xcdatamodeld */ = {
			isa = XCVersionGroup;
			children = (
				B6BCEC5D1BAEA6C100D28471 /* LunchApp.xcdatamodel */,
			);
			currentVersion = B6BCEC5D1BAEA6C100D28471 /* LunchApp.xcdatamodel */;
			path = LunchApp.xcdatamodeld;
			sourceTree = "<group>";
			versionGroupType = wrapper.xcdatamodel;
		};
/* End XCVersionGroup section */
	};
	rootObject = B6BCEC4A1BAEA6C100D28471 /* Project object */;
}
